
Microsoft Visual Studio Solution File, Format Version 12.00
# Visual Studio Version 17
VisualStudioVersion = 17.0.31903.59
MinimumVisualStudioVersion = 10.0.40219.1
Project("{FAE04EC0-301F-11D3-BF4B-00C04F79EFBC}") = "EcommerceCouponLibrary.Core", "EcommerceCouponLibrary.Core\EcommerceCouponLibrary.Core.csproj", "{D5A3B998-B35D-4968-A30B-EB6B90F82A65}"
EndProject
Project("{FAE04EC0-301F-11D3-BF4B-00C04F79EFBC}") = "EcommerceCouponLibrary.Tests", "EcommerceCouponLibrary.Tests\EcommerceCouponLibrary.Tests.csproj", "{C3F310A0-D746-4FAA-A7BB-D56728FD131C}"
EndProject
Global
	GlobalSection(SolutionConfigurationPlatforms) = preSolution
		Debug|Any CPU = Debug|Any CPU
		Release|Any CPU = Release|Any CPU
	EndGlobalSection
	GlobalSection(SolutionProperties) = preSolution
		HideSolutionNode = FALSE
	EndGlobalSection
	GlobalSection(ProjectConfigurationPlatforms) = postSolution
		{D5A3B998-B35D-4968-A30B-EB6B90F82A65}.Debug|Any CPU.ActiveCfg = Debug|Any CPU
		{D5A3B998-B35D-4968-A30B-EB6B90F82A65}.Debug|Any CPU.Build.0 = Debug|Any CPU
		{D5A3B998-B35D-4968-A30B-EB6B90F82A65}.Release|Any CPU.ActiveCfg = Release|Any CPU
		{D5A3B998-B35D-4968-A30B-EB6B90F82A65}.Release|Any CPU.Build.0 = Release|Any CPU
		{C3F310A0-D746-4FAA-A7BB-D56728FD131C}.Debug|Any CPU.ActiveCfg = Debug|Any CPU
		{C3F310A0-D746-4FAA-A7BB-D56728FD131C}.Debug|Any CPU.Build.0 = Debug|Any CPU
		{C3F310A0-D746-4FAA-A7BB-D56728FD131C}.Release|Any CPU.ActiveCfg = Release|Any CPU
		{C3F310A0-D746-4FAA-A7BB-D56728FD131C}.Release|Any CPU.Build.0 = Release|Any CPU
	EndGlobalSection
EndGlobal
